PODS:
  - Alamofire (4.4.0)
  - SwiftLint (0.18.1)
  - SwiftyJSON (3.1.4)

DEPENDENCIES:
  - Alamofire
  - SwiftLint
  - SwiftyJSON

SPEC CHECKSUMS:
  Alamofire: dc44b1600b800eb63da6a19039a0083d62a6a62d
  SwiftLint: b467d08f5b25dc3b3cfed243d8e1b74b91714c67
  SwiftyJSON: c2842d878f95482ffceec5709abc3d05680c0220

PODFILE CHECKSUM: b9d74486896c6cf0ab6eb93656f9b4dd2fbdd13b

COCOAPODS: 1.2.0
