// !$*UTF8*$!
{
	archiveVersion = 1;
	classes = {
	};
	objectVersion = 46;
	objects = {

/* Begin PBXBuildFile section */
		49102255EECF76F6003F7799 /* Pods_BeerListingUITests.framework in Frameworks */ = {isa = PBXBuildFile; fileRef = 805D93F96D5E7B73B7BA5117 /* Pods_BeerListingUITests.framework */; };
		D57266BD1F2BBFA90006ADB3 /* Reachability.swift in Sources */ = {isa = PBXBuildFile; fileRef = D57266BC1F2BBFA90006ADB3 /* Reachability.swift */; };
		D57266C11F2BC4B20006ADB3 /* JSONSerializer.swift in Sources */ = {isa = PBXBuildFile; fileRef = D57266C01F2BC4B20006ADB3 /* JSONSerializer.swift */; };
		D57266C31F2BC5520006ADB3 /* HTTPClient.swift in Sources */ = {isa = PBXBuildFile; fileRef = D57266C21F2BC5520006ADB3 /* HTTPClient.swift */; };
		D57C8F081F2BB71F00130A23 /* BeerHTTPClient.swift in Sources */ = {isa = PBXBuildFile; fileRef = D57C8F061F2BB71F00130A23 /* BeerHTTPClient.swift */; };
		D58640051F2B78830091C9E0 /* AppDelegate.swift in Sources */ = {isa = PBXBuildFile; fileRef = D58640041F2B78830091C9E0 /* AppDelegate.swift */; };
		D58640071F2B78830091C9E0 /* BeersViewController.swift in Sources */ = {isa = PBXBuildFile; fileRef = D58640061F2B78830091C9E0 /* BeersViewController.swift */; };
		D586400A1F2B78830091C9E0 /* Main.storyboard in Resources */ = {isa = PBXBuildFile; fileRef = D58640081F2B78830091C9E0 /* Main.storyboard */; };
		D586400C1F2B78830091C9E0 /* Assets.xcassets in Resources */ = {isa = PBXBuildFile; fileRef = D586400B1F2B78830091C9E0 /* Assets.xcassets */; };
		D586400F1F2B78830091C9E0 /* LaunchScreen.storyboard in Resources */ = {isa = PBXBuildFile; fileRef = D586400D1F2B78830091C9E0 /* LaunchScreen.storyboard */; };
		D586401A1F2B78830091C9E0 /* BeerListingTests.swift in Sources */ = {isa = PBXBuildFile; fileRef = D58640191F2B78830091C9E0 /* BeerListingTests.swift */; };
		D58640251F2B78830091C9E0 /* BeerListingUITests.swift in Sources */ = {isa = PBXBuildFile; fileRef = D58640241F2B78830091C9E0 /* BeerListingUITests.swift */; };
		D58640391F2B7CD20091C9E0 /* BeerTableViewCell.swift in Sources */ = {isa = PBXBuildFile; fileRef = D58640381F2B7CD20091C9E0 /* BeerTableViewCell.swift */; };
		D586403B1F2B7DC80091C9E0 /* DetailViewController.swift in Sources */ = {isa = PBXBuildFile; fileRef = D586403A1F2B7DC80091C9E0 /* DetailViewController.swift */; };
		D586403D1F2B7FBD0091C9E0 /* DetailTableViewCell.swift in Sources */ = {isa = PBXBuildFile; fileRef = D586403C1F2B7FBD0091C9E0 /* DetailTableViewCell.swift */; };
		D58640401F2B82690091C9E0 /* Beer.swift in Sources */ = {isa = PBXBuildFile; fileRef = D586403F1F2B82690091C9E0 /* Beer.swift */; };
		D58640441F2BA8770091C9E0 /* Constants.swift in Sources */ = {isa = PBXBuildFile; fileRef = D58640431F2BA8770091C9E0 /* Constants.swift */; };
		E00E122526D1801C4283C0C1 /* Pods_BeerListing.framework in Frameworks */ = {isa = PBXBuildFile; fileRef = 327F2339211B0DA9E8D619A7 /* Pods_BeerListing.framework */; };
		F43D888A82C1E5B81B34FAE4 /* Pods_BeerListingTests.framework in Frameworks */ = {isa = PBXBuildFile; fileRef = 61D487C4C02CE5BC3BEFCB1A /* Pods_BeerListingTests.framework */; };
/* End PBXBuildFile section */

/* Begin PBXContainerItemProxy section */
		D58640161F2B78830091C9E0 /* PBXContainerItemProxy */ = {
			isa = PBXContainerItemProxy;
			containerPortal = D5863FF91F2B78830091C9E0 /* Project object */;
			proxyType = 1;
			remoteGlobalIDString = D58640001F2B78830091C9E0;
			remoteInfo = BeerListing;
		};
		D58640211F2B78830091C9E0 /* PBXContainerItemProxy */ = {
			isa = PBXContainerItemProxy;
			containerPortal = D5863FF91F2B78830091C9E0 /* Project object */;
			proxyType = 1;
			remoteGlobalIDString = D58640001F2B78830091C9E0;
			remoteInfo = BeerListing;
		};
/* End PBXContainerItemProxy section */

/* Begin PBXFileReference section */
		03ACE49ECB4B7933604F3370 /* Pods-BeerListing.release.xcconfig */ = {isa = PBXFileReference; includeInIndex = 1; lastKnownFileType = text.xcconfig; name = "Pods-BeerListing.release.xcconfig"; path = "Pods/Target Support Files/Pods-BeerListing/Pods-BeerListing.release.xcconfig"; sourceTree = "<group>"; };
		2441AADD2B2F6BB8861209C9 /* Pods-BeerListingUITests.debug.xcconfig */ = {isa = PBXFileReference; includeInIndex = 1; lastKnownFileType = text.xcconfig; name = "Pods-BeerListingUITests.debug.xcconfig"; path = "Pods/Target Support Files/Pods-BeerListingUITests/Pods-BeerListingUITests.debug.xcconfig"; sourceTree = "<group>"; };
		2DCD058F342D58F93EBB02BD /* Pods-BeerListingTests.release.xcconfig */ = {isa = PBXFileReference; includeInIndex = 1; lastKnownFileType = text.xcconfig; name = "Pods-BeerListingTests.release.xcconfig"; path = "Pods/Target Support Files/Pods-BeerListingTests/Pods-BeerListingTests.release.xcconfig"; sourceTree = "<group>"; };
		327F2339211B0DA9E8D619A7 /* Pods_BeerListing.framework */ = {isa = PBXFileReference; explicitFileType = wrapper.framework; includeInIndex = 0; path = Pods_BeerListing.framework; sourceTree = BUILT_PRODUCTS_DIR; };
		61D487C4C02CE5BC3BEFCB1A /* Pods_BeerListingTests.framework */ = {isa = PBXFileReference; explicitFileType = wrapper.framework; includeInIndex = 0; path = Pods_BeerListingTests.framework; sourceTree = BUILT_PRODUCTS_DIR; };
		65A4CE332CAAC29D0F5C6606 /* Pods-BeerListingUITests.release.xcconfig */ = {isa = PBXFileReference; includeInIndex = 1; lastKnownFileType = text.xcconfig; name = "Pods-BeerListingUITests.release.xcconfig"; path = "Pods/Target Support Files/Pods-BeerListingUITests/Pods-BeerListingUITests.release.xcconfig"; sourceTree = "<group>"; };
		805D93F96D5E7B73B7BA5117 /* Pods_BeerListingUITests.framework */ = {isa = PBXFileReference; explicitFileType = wrapper.framework; includeInIndex = 0; path = Pods_BeerListingUITests.framework; sourceTree = BUILT_PRODUCTS_DIR; };
		9416705713064DCF563D06DE /* Pods-BeerListingTests.debug.xcconfig */ = {isa = PBXFileReference; includeInIndex = 1; lastKnownFileType = text.xcconfig; name = "Pods-BeerListingTests.debug.xcconfig"; path = "Pods/Target Support Files/Pods-BeerListingTests/Pods-BeerListingTests.debug.xcconfig"; sourceTree = "<group>"; };
		D57266BC1F2BBFA90006ADB3 /* Reachability.swift */ = {isa = PBXFileReference; fileEncoding = 4; lastKnownFileType = sourcecode.swift; path = Reachability.swift; sourceTree = "<group>"; };
		D57266C01F2BC4B20006ADB3 /* JSONSerializer.swift */ = {isa = PBXFileReference; fileEncoding = 4; lastKnownFileType = sourcecode.swift; path = JSONSerializer.swift; sourceTree = "<group>"; };
		D57266C21F2BC5520006ADB3 /* HTTPClient.swift */ = {isa = PBXFileReference; fileEncoding = 4; lastKnownFileType = sourcecode.swift; path = HTTPClient.swift; sourceTree = "<group>"; };
		D57C8F061F2BB71F00130A23 /* BeerHTTPClient.swift */ = {isa = PBXFileReference; fileEncoding = 4; lastKnownFileType = sourcecode.swift; path = BeerHTTPClient.swift; sourceTree = "<group>"; };
		D58640011F2B78830091C9E0 /* BeerListing.app */ = {isa = PBXFileReference; explicitFileType = wrapper.application; includeInIndex = 0; path = BeerListing.app; sourceTree = BUILT_PRODUCTS_DIR; };
		D58640041F2B78830091C9E0 /* AppDelegate.swift */ = {isa = PBXFileReference; lastKnownFileType = sourcecode.swift; path = AppDelegate.swift; sourceTree = "<group>"; };
		D58640061F2B78830091C9E0 /* BeersViewController.swift */ = {isa = PBXFileReference; lastKnownFileType = sourcecode.swift; path = BeersViewController.swift; sourceTree = "<group>"; };
		D58640091F2B78830091C9E0 /* Base */ = {isa = PBXFileReference; lastKnownFileType = file.storyboard; name = Base; path = Base.lproj/Main.storyboard; sourceTree = "<group>"; };
		D586400B1F2B78830091C9E0 /* Assets.xcassets */ = {isa = PBXFileReference; lastKnownFileType = folder.assetcatalog; path = Assets.xcassets; sourceTree = "<group>"; };
		D586400E1F2B78830091C9E0 /* Base */ = {isa = PBXFileReference; lastKnownFileType = file.storyboard; name = Base; path = Base.lproj/LaunchScreen.storyboard; sourceTree = "<group>"; };
		D58640101F2B78830091C9E0 /* Info.plist */ = {isa = PBXFileReference; lastKnownFileType = text.plist.xml; path = Info.plist; sourceTree = "<group>"; };
		D58640151F2B78830091C9E0 /* BeerListingTests.xctest */ = {isa = PBXFileReference; explicitFileType = wrapper.cfbundle; includeInIndex = 0; path = BeerListingTests.xctest; sourceTree = BUILT_PRODUCTS_DIR; };
		D58640191F2B78830091C9E0 /* BeerListingTests.swift */ = {isa = PBXFileReference; lastKnownFileType = sourcecode.swift; path = BeerListingTests.swift; sourceTree = "<group>"; };
		D586401B1F2B78830091C9E0 /* Info.plist */ = {isa = PBXFileReference; lastKnownFileType = text.plist.xml; path = Info.plist; sourceTree = "<group>"; };
		D58640201F2B78830091C9E0 /* BeerListingUITests.xctest */ = {isa = PBXFileReference; explicitFileType = wrapper.cfbundle; includeInIndex = 0; path = BeerListingUITests.xctest; sourceTree = BUILT_PRODUCTS_DIR; };
		D58640241F2B78830091C9E0 /* BeerListingUITests.swift */ = {isa = PBXFileReference; lastKnownFileType = sourcecode.swift; path = BeerListingUITests.swift; sourceTree = "<group>"; };
		D58640261F2B78830091C9E0 /* Info.plist */ = {isa = PBXFileReference; lastKnownFileType = text.plist.xml; path = Info.plist; sourceTree = "<group>"; };
		D58640381F2B7CD20091C9E0 /* BeerTableViewCell.swift */ = {isa = PBXFileReference; fileEncoding = 4; lastKnownFileType = sourcecode.swift; path = BeerTableViewCell.swift; sourceTree = "<group>"; };
		D586403A1F2B7DC80091C9E0 /* DetailViewController.swift */ = {isa = PBXFileReference; fileEncoding = 4; lastKnownFileType = sourcecode.swift; path = DetailViewController.swift; sourceTree = "<group>"; };
		D586403C1F2B7FBD0091C9E0 /* DetailTableViewCell.swift */ = {isa = PBXFileReference; fileEncoding = 4; lastKnownFileType = sourcecode.swift; path = DetailTableViewCell.swift; sourceTree = "<group>"; };
		D586403F1F2B82690091C9E0 /* Beer.swift */ = {isa = PBXFileReference; fileEncoding = 4; lastKnownFileType = sourcecode.swift; path = Beer.swift; sourceTree = "<group>"; };
		D58640431F2BA8770091C9E0 /* Constants.swift */ = {isa = PBXFileReference; fileEncoding = 4; lastKnownFileType = sourcecode.swift; path = Constants.swift; sourceTree = "<group>"; };
		FFDA04920E2AD8350C943D0B /* Pods-BeerListing.debug.xcconfig */ = {isa = PBXFileReference; includeInIndex = 1; lastKnownFileType = text.xcconfig; name = "Pods-BeerListing.debug.xcconfig"; path = "Pods/Target Support Files/Pods-BeerListing/Pods-BeerListing.debug.xcconfig"; sourceTree = "<group>"; };
/* End PBXFileReference section */

/* Begin PBXFrameworksBuildPhase section */
		D5863FFE1F2B78830091C9E0 /* Frameworks */ = {
			isa = PBXFrameworksBuildPhase;
			buildActionMask = 2147483647;
			files = (
				E00E122526D1801C4283C0C1 /* Pods_BeerListing.framework in Frameworks */,
			);
			runOnlyForDeploymentPostprocessing = 0;
		};
		D58640121F2B78830091C9E0 /* Frameworks */ = {
			isa = PBXFrameworksBuildPhase;
			buildActionMask = 2147483647;
			files = (
				F43D888A82C1E5B81B34FAE4 /* Pods_BeerListingTests.framework in Frameworks */,
			);
			runOnlyForDeploymentPostprocessing = 0;
		};
		D586401D1F2B78830091C9E0 /* Frameworks */ = {
			isa = PBXFrameworksBuildPhase;
			buildActionMask = 2147483647;
			files = (
				49102255EECF76F6003F7799 /* Pods_BeerListingUITests.framework in Frameworks */,
			);
			runOnlyForDeploymentPostprocessing = 0;
		};
/* End PBXFrameworksBuildPhase section */

/* Begin PBXGroup section */
		7D7C7E975E2A6EAC13D1BB96 /* Frameworks */ = {
			isa = PBXGroup;
			children = (
				327F2339211B0DA9E8D619A7 /* Pods_BeerListing.framework */,
				61D487C4C02CE5BC3BEFCB1A /* Pods_BeerListingTests.framework */,
				805D93F96D5E7B73B7BA5117 /* Pods_BeerListingUITests.framework */,
			);
			name = Frameworks;
			sourceTree = "<group>";
		};
		857F6B3B12BA15C038F855A1 /* Pods */ = {
			isa = PBXGroup;
			children = (
				FFDA04920E2AD8350C943D0B /* Pods-BeerListing.debug.xcconfig */,
				03ACE49ECB4B7933604F3370 /* Pods-BeerListing.release.xcconfig */,
				9416705713064DCF563D06DE /* Pods-BeerListingTests.debug.xcconfig */,
				2DCD058F342D58F93EBB02BD /* Pods-BeerListingTests.release.xcconfig */,
				2441AADD2B2F6BB8861209C9 /* Pods-BeerListingUITests.debug.xcconfig */,
				65A4CE332CAAC29D0F5C6606 /* Pods-BeerListingUITests.release.xcconfig */,
			);
			name = Pods;
			sourceTree = "<group>";
		};
		D57C8EFD1F2BB70400130A23 /* networking */ = {
			isa = PBXGroup;
			children = (
				D57266C21F2BC5520006ADB3 /* HTTPClient.swift */,
				D57C8F061F2BB71F00130A23 /* BeerHTTPClient.swift */,
			);
			path = networking;
			sourceTree = "<group>";
		};
		D57C8EFE1F2BB70A00130A23 /* extensions */ = {
			isa = PBXGroup;
			children = (
			);
			path = extensions;
			sourceTree = "<group>";
		};
		D5863FF81F2B78830091C9E0 = {
			isa = PBXGroup;
			children = (
				D58640031F2B78830091C9E0 /* BeerListing */,
				D58640181F2B78830091C9E0 /* BeerListingTests */,
				D58640231F2B78830091C9E0 /* BeerListingUITests */,
				D58640021F2B78830091C9E0 /* Products */,
				857F6B3B12BA15C038F855A1 /* Pods */,
				7D7C7E975E2A6EAC13D1BB96 /* Frameworks */,
			);
			sourceTree = "<group>";
		};
		D58640021F2B78830091C9E0 /* Products */ = {
			isa = PBXGroup;
			children = (
				D58640011F2B78830091C9E0 /* BeerListing.app */,
				D58640151F2B78830091C9E0 /* BeerListingTests.xctest */,
				D58640201F2B78830091C9E0 /* BeerListingUITests.xctest */,
			);
			name = Products;
			sourceTree = "<group>";
		};
		D58640031F2B78830091C9E0 /* BeerListing */ = {
			isa = PBXGroup;
			children = (
				D586403E1F2B82390091C9E0 /* Global */,
				D58640331F2B7B460091C9E0 /* Detail */,
				D58640321F2B7B420091C9E0 /* Beers */,
				D58640041F2B78830091C9E0 /* AppDelegate.swift */,
				D58640081F2B78830091C9E0 /* Main.storyboard */,
				D586400B1F2B78830091C9E0 /* Assets.xcassets */,
				D586400D1F2B78830091C9E0 /* LaunchScreen.storyboard */,
				D58640101F2B78830091C9E0 /* Info.plist */,
			);
			path = BeerListing;
			sourceTree = "<group>";
		};
		D58640181F2B78830091C9E0 /* BeerListingTests */ = {
			isa = PBXGroup;
			children = (
				D58640191F2B78830091C9E0 /* BeerListingTests.swift */,
				D586401B1F2B78830091C9E0 /* Info.plist */,
			);
			path = BeerListingTests;
			sourceTree = "<group>";
		};
		D58640231F2B78830091C9E0 /* BeerListingUITests */ = {
			isa = PBXGroup;
			children = (
				D58640241F2B78830091C9E0 /* BeerListingUITests.swift */,
				D58640261F2B78830091C9E0 /* Info.plist */,
			);
			path = BeerListingUITests;
			sourceTree = "<group>";
		};
		D58640321F2B7B420091C9E0 /* Beers */ = {
			isa = PBXGroup;
			children = (
				D58640351F2B7B8C0091C9E0 /* views */,
				D58640341F2B7B870091C9E0 /* controllers */,
			);
			path = Beers;
			sourceTree = "<group>";
		};
		D58640331F2B7B460091C9E0 /* Detail */ = {
			isa = PBXGroup;
			children = (
				D58640371F2B7B9A0091C9E0 /* views */,
				D58640361F2B7B960091C9E0 /* controllers */,
			);
			path = Detail;
			sourceTree = "<group>";
		};
		D58640341F2B7B870091C9E0 /* controllers */ = {
			isa = PBXGroup;
			children = (
				D58640061F2B78830091C9E0 /* BeersViewController.swift */,
			);
			path = controllers;
			sourceTree = "<group>";
		};
		D58640351F2B7B8C0091C9E0 /* views */ = {
			isa = PBXGroup;
			children = (
				D58640381F2B7CD20091C9E0 /* BeerTableViewCell.swift */,
			);
			path = views;
			sourceTree = "<group>";
		};
		D58640361F2B7B960091C9E0 /* controllers */ = {
			isa = PBXGroup;
			children = (
				D586403A1F2B7DC80091C9E0 /* DetailViewController.swift */,
			);
			path = controllers;
			sourceTree = "<group>";
		};
		D58640371F2B7B9A0091C9E0 /* views */ = {
			isa = PBXGroup;
			children = (
				D586403C1F2B7FBD0091C9E0 /* DetailTableViewCell.swift */,
			);
			path = views;
			sourceTree = "<group>";
		};
		D586403E1F2B82390091C9E0 /* Global */ = {
			isa = PBXGroup;
			children = (
				D57C8EFE1F2BB70A00130A23 /* extensions */,
				D57C8EFD1F2BB70400130A23 /* networking */,
				D58640421F2BA8330091C9E0 /* utils */,
				D58640411F2B826E0091C9E0 /* models */,
			);
			path = Global;
			sourceTree = "<group>";
		};
		D58640411F2B826E0091C9E0 /* models */ = {
			isa = PBXGroup;
			children = (
				D586403F1F2B82690091C9E0 /* Beer.swift */,
			);
			path = models;
			sourceTree = "<group>";
		};
		D58640421F2BA8330091C9E0 /* utils */ = {
			isa = PBXGroup;
			children = (
				D58640431F2BA8770091C9E0 /* Constants.swift */,
				D57266BC1F2BBFA90006ADB3 /* Reachability.swift */,
				D57266C01F2BC4B20006ADB3 /* JSONSerializer.swift */,
			);
			path = utils;
			sourceTree = "<group>";
		};
/* End PBXGroup section */

/* Begin PBXNativeTarget section */
		D58640001F2B78830091C9E0 /* BeerListing */ = {
			isa = PBXNativeTarget;
			buildConfigurationList = D58640291F2B78830091C9E0 /* Build configuration list for PBXNativeTarget "BeerListing" */;
			buildPhases = (
				6762B895AB0B47C1FF235A59 /* [CP] Check Pods Manifest.lock */,
				D5863FFD1F2B78830091C9E0 /* Sources */,
				D5863FFE1F2B78830091C9E0 /* Frameworks */,
				D5863FFF1F2B78830091C9E0 /* Resources */,
				67D514F648267BC5BC9B50FC /* [CP] Embed Pods Frameworks */,
				567942232BA1DF750BA77964 /* [CP] Copy Pods Resources */,
				D57266BB1F2BBAC10006ADB3 /* ShellScript */,
			);
			buildRules = (
			);
			dependencies = (
			);
			name = BeerListing;
			productName = BeerListing;
			productReference = D58640011F2B78830091C9E0 /* BeerListing.app */;
			productType = "com.apple.product-type.application";
		};
		D58640141F2B78830091C9E0 /* BeerListingTests */ = {
			isa = PBXNativeTarget;
			buildConfigurationList = D586402C1F2B78830091C9E0 /* Build configuration list for PBXNativeTarget "BeerListingTests" */;
			buildPhases = (
				59051374853716405210AC78 /* [CP] Check Pods Manifest.lock */,
				D58640111F2B78830091C9E0 /* Sources */,
				D58640121F2B78830091C9E0 /* Frameworks */,
				D58640131F2B78830091C9E0 /* Resources */,
				7C3CBB3EDFBB3603B84FF309 /* [CP] Embed Pods Frameworks */,
				4A02421F59BBA38731EC1BB6 /* [CP] Copy Pods Resources */,
			);
			buildRules = (
			);
			dependencies = (
				D58640171F2B78830091C9E0 /* PBXTargetDependency */,
			);
			name = BeerListingTests;
			productName = BeerListingTests;
			productReference = D58640151F2B78830091C9E0 /* BeerListingTests.xctest */;
			productType = "com.apple.product-type.bundle.unit-test";
		};
		D586401F1F2B78830091C9E0 /* BeerListingUITests */ = {
			isa = PBXNativeTarget;
			buildConfigurationList = D586402F1F2B78830091C9E0 /* Build configuration list for PBXNativeTarget "BeerListingUITests" */;
			buildPhases = (
				8C6A1505114961B0679CD87D /* [CP] Check Pods Manifest.lock */,
				D586401C1F2B78830091C9E0 /* Sources */,
				D586401D1F2B78830091C9E0 /* Frameworks */,
				D586401E1F2B78830091C9E0 /* Resources */,
				EC4FF4A877DD68574B7E3FB2 /* [CP] Embed Pods Frameworks */,
				24E49D3F1A7FC56E828BF303 /* [CP] Copy Pods Resources */,
			);
			buildRules = (
			);
			dependencies = (
				D58640221F2B78830091C9E0 /* PBXTargetDependency */,
			);
			name = BeerListingUITests;
			productName = BeerListingUITests;
			productReference = D58640201F2B78830091C9E0 /* BeerListingUITests.xctest */;
			productType = "com.apple.product-type.bundle.ui-testing";
		};
/* End PBXNativeTarget section */

/* Begin PBXProject section */
		D5863FF91F2B78830091C9E0 /* Project object */ = {
			isa = PBXProject;
			attributes = {
				LastSwiftUpdateCheck = 0820;
				LastUpgradeCheck = 0820;
				ORGANIZATIONNAME = "Felipe Marino";
				TargetAttributes = {
					D58640001F2B78830091C9E0 = {
						CreatedOnToolsVersion = 8.2.1;
						DevelopmentTeam = X9MK4PBNUW;
						ProvisioningStyle = Automatic;
					};
					D58640141F2B78830091C9E0 = {
						CreatedOnToolsVersion = 8.2.1;
						DevelopmentTeam = XRA36B72E4;
						ProvisioningStyle = Automatic;
						TestTargetID = D58640001F2B78830091C9E0;
					};
					D586401F1F2B78830091C9E0 = {
						CreatedOnToolsVersion = 8.2.1;
						DevelopmentTeam = XRA36B72E4;
						ProvisioningStyle = Automatic;
						TestTargetID = D58640001F2B78830091C9E0;
					};
				};
			};
			buildConfigurationList = D5863FFC1F2B78830091C9E0 /* Build configuration list for PBXProject "BeerListing" */;
			compatibilityVersion = "Xcode 3.2";
			developmentRegion = English;
			hasScannedForEncodings = 0;
			knownRegions = (
				en,
				Base,
			);
			mainGroup = D5863FF81F2B78830091C9E0;
			productRefGroup = D58640021F2B78830091C9E0 /* Products */;
			projectDirPath = "";
			projectRoot = "";
			targets = (
				D58640001F2B78830091C9E0 /* BeerListing */,
				D58640141F2B78830091C9E0 /* BeerListingTests */,
				D586401F1F2B78830091C9E0 /* BeerListingUITests */,
			);
		};
/* End PBXProject section */

/* Begin PBXResourcesBuildPhase section */
		D5863FFF1F2B78830091C9E0 /* Resources */ = {
			isa = PBXResourcesBuildPhase;
			buildActionMask = 2147483647;
			files = (
				D586400F1F2B78830091C9E0 /* LaunchScreen.storyboard in Resources */,
				D586400C1F2B78830091C9E0 /* Assets.xcassets in Resources */,
				D586400A1F2B78830091C9E0 /* Main.storyboard in Resources */,
			);
			runOnlyForDeploymentPostprocessing = 0;
		};
		D58640131F2B78830091C9E0 /* Resources */ = {
			isa = PBXResourcesBuildPhase;
			buildActionMask = 2147483647;
			files = (
			);
			runOnlyForDeploymentPostprocessing = 0;
		};
		D586401E1F2B78830091C9E0 /* Resources */ = {
			isa = PBXResourcesBuildPhase;
			buildActionMask = 2147483647;
			files = (
			);
			runOnlyForDeploymentPostprocessing = 0;
		};
/* End PBXResourcesBuildPhase section */

/* Begin PBXShellScriptBuildPhase section */
		24E49D3F1A7FC56E828BF303 /* [CP] Copy Pods Resources */ = {
			isa = PBXShellScriptBuildPhase;
			buildActionMask = 2147483647;
			files = (
			);
			inputPaths = (
			);
			name = "[CP] Copy Pods Resources";
			outputPaths = (
			);
			runOnlyForDeploymentPostprocessing = 0;
			shellPath = /bin/sh;
			shellScript = "\"${SRCROOT}/Pods/Target Support Files/Pods-BeerListingUITests/Pods-BeerListingUITests-resources.sh\"\n";
			showEnvVarsInLog = 0;
		};
		4A02421F59BBA38731EC1BB6 /* [CP] Copy Pods Resources */ = {
			isa = PBXShellScriptBuildPhase;
			buildActionMask = 2147483647;
			files = (
			);
			inputPaths = (
			);
			name = "[CP] Copy Pods Resources";
			outputPaths = (
			);
			runOnlyForDeploymentPostprocessing = 0;
			shellPath = /bin/sh;
			shellScript = "\"${SRCROOT}/Pods/Target Support Files/Pods-BeerListingTests/Pods-BeerListingTests-resources.sh\"\n";
			showEnvVarsInLog = 0;
		};
		567942232BA1DF750BA77964 /* [CP] Copy Pods Resources */ = {
			isa = PBXShellScriptBuildPhase;
			buildActionMask = 2147483647;
			files = (
			);
			inputPaths = (
			);
			name = "[CP] Copy Pods Resources";
			outputPaths = (
			);
			runOnlyForDeploymentPostprocessing = 0;
			shellPath = /bin/sh;
			shellScript = "\"${SRCROOT}/Pods/Target Support Files/Pods-BeerListing/Pods-BeerListing-resources.sh\"\n";
			showEnvVarsInLog = 0;
		};
		59051374853716405210AC78 /* [CP] Check Pods Manifest.lock */ = {
			isa = PBXShellScriptBuildPhase;
			buildActionMask = 2147483647;
			files = (
			);
			inputPaths = (
			);
			name = "[CP] Check Pods Manifest.lock";
			outputPaths = (
			);
			runOnlyForDeploymentPostprocessing = 0;
			shellPath = /bin/sh;
			shellScript = "diff \"${PODS_ROOT}/../Podfile.lock\" \"${PODS_ROOT}/Manifest.lock\" > /dev/null\nif [ $? != 0 ] ; then\n    # print error to STDERR\n    echo \"error: The sandbox is not in sync with the Podfile.lock. Run 'pod install' or update your CocoaPods installation.\" >&2\n    exit 1\nfi\n";
			showEnvVarsInLog = 0;
		};
		6762B895AB0B47C1FF235A59 /* [CP] Check Pods Manifest.lock */ = {
			isa = PBXShellScriptBuildPhase;
			buildActionMask = 2147483647;
			files = (
			);
			inputPaths = (
			);
			name = "[CP] Check Pods Manifest.lock";
			outputPaths = (
			);
			runOnlyForDeploymentPostprocessing = 0;
			shellPath = /bin/sh;
			shellScript = "diff \"${PODS_ROOT}/../Podfile.lock\" \"${PODS_ROOT}/Manifest.lock\" > /dev/null\nif [ $? != 0 ] ; then\n    # print error to STDERR\n    echo \"error: The sandbox is not in sync with the Podfile.lock. Run 'pod install' or update your CocoaPods installation.\" >&2\n    exit 1\nfi\n";
			showEnvVarsInLog = 0;
		};
		67D514F648267BC5BC9B50FC /* [CP] Embed Pods Frameworks */ = {
			isa = PBXShellScriptBuildPhase;
			buildActionMask = 2147483647;
			files = (
			);
			inputPaths = (
			);
			name = "[CP] Embed Pods Frameworks";
			outputPaths = (
			);
			runOnlyForDeploymentPostprocessing = 0;
			shellPath = /bin/sh;
			shellScript = "\"${SRCROOT}/Pods/Target Support Files/Pods-BeerListing/Pods-BeerListing-frameworks.sh\"\n";
			showEnvVarsInLog = 0;
		};
		7C3CBB3EDFBB3603B84FF309 /* [CP] Embed Pods Frameworks */ = {
			isa = PBXShellScriptBuildPhase;
			buildActionMask = 2147483647;
			files = (
			);
			inputPaths = (
			);
			name = "[CP] Embed Pods Frameworks";
			outputPaths = (
			);
			runOnlyForDeploymentPostprocessing = 0;
			shellPath = /bin/sh;
			shellScript = "\"${SRCROOT}/Pods/Target Support Files/Pods-BeerListingTests/Pods-BeerListingTests-frameworks.sh\"\n";
			showEnvVarsInLog = 0;
		};
		8C6A1505114961B0679CD87D /* [CP] Check Pods Manifest.lock */ = {
			isa = PBXShellScriptBuildPhase;
			buildActionMask = 2147483647;
			files = (
			);
			inputPaths = (
			);
			name = "[CP] Check Pods Manifest.lock";
			outputPaths = (
			);
			runOnlyForDeploymentPostprocessing = 0;
			shellPath = /bin/sh;
			shellScript = "diff \"${PODS_ROOT}/../Podfile.lock\" \"${PODS_ROOT}/Manifest.lock\" > /dev/null\nif [ $? != 0 ] ; then\n    # print error to STDERR\n    echo \"error: The sandbox is not in sync with the Podfile.lock. Run 'pod install' or update your CocoaPods installation.\" >&2\n    exit 1\nfi\n";
			showEnvVarsInLog = 0;
		};
		D57266BB1F2BBAC10006ADB3 /* ShellScript */ = {
			isa = PBXShellScriptBuildPhase;
			buildActionMask = 2147483647;
			files = (
			);
			inputPaths = (
			);
			outputPaths = (
			);
			runOnlyForDeploymentPostprocessing = 0;
			shellPath = /bin/sh;
			shellScript = "\"${PODS_ROOT}/SwiftLint/swiftlint\"";
		};
		EC4FF4A877DD68574B7E3FB2 /* [CP] Embed Pods Frameworks */ = {
			isa = PBXShellScriptBuildPhase;
			buildActionMask = 2147483647;
			files = (
			);
			inputPaths = (
			);
			name = "[CP] Embed Pods Frameworks";
			outputPaths = (
			);
			runOnlyForDeploymentPostprocessing = 0;
			shellPath = /bin/sh;
			shellScript = "\"${SRCROOT}/Pods/Target Support Files/Pods-BeerListingUITests/Pods-BeerListingUITests-frameworks.sh\"\n";
			showEnvVarsInLog = 0;
		};
/* End PBXShellScriptBuildPhase section */

/* Begin PBXSourcesBuildPhase section */
		D5863FFD1F2B78830091C9E0 /* Sources */ = {
			isa = PBXSourcesBuildPhase;
			buildActionMask = 2147483647;
			files = (
				D57C8F081F2BB71F00130A23 /* BeerHTTPClient.swift in Sources */,
				D58640071F2B78830091C9E0 /* BeersViewController.swift in Sources */,
				D57266C11F2BC4B20006ADB3 /* JSONSerializer.swift in Sources */,
				D58640401F2B82690091C9E0 /* Beer.swift in Sources */,
				D58640391F2B7CD20091C9E0 /* BeerTableViewCell.swift in Sources */,
				D58640051F2B78830091C9E0 /* AppDelegate.swift in Sources */,
				D57266C31F2BC5520006ADB3 /* HTTPClient.swift in Sources */,
				D58640441F2BA8770091C9E0 /* Constants.swift in Sources */,
				D586403D1F2B7FBD0091C9E0 /* DetailTableViewCell.swift in Sources */,
				D57266BD1F2BBFA90006ADB3 /* Reachability.swift in Sources */,
				D586403B1F2B7DC80091C9E0 /* DetailViewController.swift in Sources */,
			);
			runOnlyForDeploymentPostprocessing = 0;
		};
		D58640111F2B78830091C9E0 /* Sources */ = {
			isa = PBXSourcesBuildPhase;
			buildActionMask = 2147483647;
			files = (
				D586401A1F2B78830091C9E0 /* BeerListingTests.swift in Sources */,
			);
			runOnlyForDeploymentPostprocessing = 0;
		};
		D586401C1F2B78830091C9E0 /* Sources */ = {
			isa = PBXSourcesBuildPhase;
			buildActionMask = 2147483647;
			files = (
				D58640251F2B78830091C9E0 /* BeerListingUITests.swift in Sources */,
			);
			runOnlyForDeploymentPostprocessing = 0;
		};
/* End PBXSourcesBuildPhase section */

/* Begin PBXTargetDependency section */
		D58640171F2B78830091C9E0 /* PBXTargetDependency */ = {
			isa = PBXTargetDependency;
			target = D58640001F2B78830091C9E0 /* BeerListing */;
			targetProxy = D58640161F2B78830091C9E0 /* PBXContainerItemProxy */;
		};
		D58640221F2B78830091C9E0 /* PBXTargetDependency */ = {
			isa = PBXTargetDependency;
			target = D58640001F2B78830091C9E0 /* BeerListing */;
			targetProxy = D58640211F2B78830091C9E0 /* PBXContainerItemProxy */;
		};
/* End PBXTargetDependency section */

/* Begin PBXVariantGroup section */
		D58640081F2B78830091C9E0 /* Main.storyboard */ = {
			isa = PBXVariantGroup;
			children = (
				D58640091F2B78830091C9E0 /* Base */,
			);
			name = Main.storyboard;
			sourceTree = "<group>";
		};
		D586400D1F2B78830091C9E0 /* LaunchScreen.storyboard */ = {
			isa = PBXVariantGroup;
			children = (
				D586400E1F2B78830091C9E0 /* Base */,
			);
			name = LaunchScreen.storyboard;
			sourceTree = "<group>";
		};
/* End PBXVariantGroup section */

/* Begin XCBuildConfiguration section */
		D58640271F2B78830091C9E0 /* Debug */ = {
			isa = XCBuildConfiguration;
			buildSettings = {
				ALWAYS_SEARCH_USER_PATHS = NO;
				CLANG_ANALYZER_NONNULL = YES;
				CLANG_CXX_LANGUAGE_STANDARD = "gnu++0x";
				CLANG_CXX_LIBRARY = "libc++";
				CLANG_ENABLE_MODULES = YES;
				CLANG_ENABLE_OBJC_ARC = YES;
				CLANG_WARN_BOOL_CONVERSION = YES;
				CLANG_WARN_CONSTANT_CONVERSION = YES;
				CLANG_WARN_DIRECT_OBJC_ISA_USAGE = YES_ERROR;
				CLANG_WARN_DOCUMENTATION_COMMENTS = YES;
				CLANG_WARN_EMPTY_BODY = YES;
				CLANG_WARN_ENUM_CONVERSION = YES;
				CLANG_WARN_INFINITE_RECURSION = YES;
				CLANG_WARN_INT_CONVERSION = YES;
				CLANG_WARN_OBJC_ROOT_CLASS = YES_ERROR;
				CLANG_WARN_SUSPICIOUS_MOVE = YES;
				CLANG_WARN_UNREACHABLE_CODE = YES;
				CLANG_WARN__DUPLICATE_METHOD_MATCH = YES;
				"CODE_SIGN_IDENTITY[sdk=iphoneos*]" = "iPhone Developer";
				COPY_PHASE_STRIP = NO;
				DEBUG_INFORMATION_FORMAT = dwarf;
				ENABLE_STRICT_OBJC_MSGSEND = YES;
				ENABLE_TESTABILITY = YES;
				GCC_C_LANGUAGE_STANDARD = gnu99;
				GCC_DYNAMIC_NO_PIC = NO;
				GCC_NO_COMMON_BLOCKS = YES;
				GCC_OPTIMIZATION_LEVEL = 0;
				GCC_PREPROCESSOR_DEFINITIONS = (
					"DEBUG=1",
					"$(inherited)",
				);
				GCC_WARN_64_TO_32_BIT_CONVERSION = YES;
				GCC_WARN_ABOUT_RETURN_TYPE = YES_ERROR;
				GCC_WARN_UNDECLARED_SELECTOR = YES;
				GCC_WARN_UNINITIALIZED_AUTOS = YES_AGGRESSIVE;
				GCC_WARN_UNUSED_FUNCTION = YES;
				GCC_WARN_UNUSED_VARIABLE = YES;
				IPHONEOS_DEPLOYMENT_TARGET = 10.2;
				MTL_ENABLE_DEBUG_INFO = YES;
				ONLY_ACTIVE_ARCH = YES;
				SDKROOT = iphoneos;
				SWIFT_ACTIVE_COMPILATION_CONDITIONS = DEBUG;
				SWIFT_OPTIMIZATION_LEVEL = "-Onone";
				TARGETED_DEVICE_FAMILY = "1,2";
			};
			name = Debug;
		};
		D58640281F2B78830091C9E0 /* Release */ = {
			isa = XCBuildConfiguration;
			buildSettings = {
				ALWAYS_SEARCH_USER_PATHS = NO;
				CLANG_ANALYZER_NONNULL = YES;
				CLANG_CXX_LANGUAGE_STANDARD = "gnu++0x";
				CLANG_CXX_LIBRARY = "libc++";
				CLANG_ENABLE_MODULES = YES;
				CLANG_ENABLE_OBJC_ARC = YES;
				CLANG_WARN_BOOL_CONVERSION = YES;
				CLANG_WARN_CONSTANT_CONVERSION = YES;
				CLANG_WARN_DIRECT_OBJC_ISA_USAGE = YES_ERROR;
				CLANG_WARN_DOCUMENTATION_COMMENTS = YES;
				CLANG_WARN_EMPTY_BODY = YES;
				CLANG_WARN_ENUM_CONVERSION = YES;
				CLANG_WARN_INFINITE_RECURSION = YES;
				CLANG_WARN_INT_CONVERSION = YES;
				CLANG_WARN_OBJC_ROOT_CLASS = YES_ERROR;
				CLANG_WARN_SUSPICIOUS_MOVE = YES;
				CLANG_WARN_UNREACHABLE_CODE = YES;
				CLANG_WARN__DUPLICATE_METHOD_MATCH = YES;
				"CODE_SIGN_IDENTITY[sdk=iphoneos*]" = "iPhone Developer";
				COPY_PHASE_STRIP = NO;
				DEBUG_INFORMATION_FORMAT = "dwarf-with-dsym";
				ENABLE_NS_ASSERTIONS = NO;
				ENABLE_STRICT_OBJC_MSGSEND = YES;
				GCC_C_LANGUAGE_STANDARD = gnu99;
				GCC_NO_COMMON_BLOCKS = YES;
				GCC_WARN_64_TO_32_BIT_CONVERSION = YES;
				GCC_WARN_ABOUT_RETURN_TYPE = YES_ERROR;
				GCC_WARN_UNDECLARED_SELECTOR = YES;
				GCC_WARN_UNINITIALIZED_AUTOS = YES_AGGRESSIVE;
				GCC_WARN_UNUSED_FUNCTION = YES;
				GCC_WARN_UNUSED_VARIABLE = YES;
				IPHONEOS_DEPLOYMENT_TARGET = 10.2;
				MTL_ENABLE_DEBUG_INFO = NO;
				SDKROOT = iphoneos;
				SWIFT_OPTIMIZATION_LEVEL = "-Owholemodule";
				TARGETED_DEVICE_FAMILY = "1,2";
				VALIDATE_PRODUCT = YES;
			};
			name = Release;
		};
		D586402A1F2B78830091C9E0 /* Debug */ = {
			isa = XCBuildConfiguration;
			baseConfigurationReference = FFDA04920E2AD8350C943D0B /* Pods-BeerListing.debug.xcconfig */;
			buildSettings = {
				ASSETCATALOG_COMPILER_APPICON_NAME = AppIcon;
				DEVELOPMENT_TEAM = X9MK4PBNUW;
				INFOPLIST_FILE = BeerListing/Info.plist;
				LD_RUNPATH_SEARCH_PATHS = "$(inherited) @executable_path/Frameworks";
				PRODUCT_BUNDLE_IDENTIFIER = marinofelipe.com.BeerListing;
				PRODUCT_NAME = "$(TARGET_NAME)";
				SWIFT_VERSION = 3.0;
			};
			name = Debug;
		};
		D586402B1F2B78830091C9E0 /* Release */ = {
			isa = XCBuildConfiguration;
			baseConfigurationReference = 03ACE49ECB4B7933604F3370 /* Pods-BeerListing.release.xcconfig */;
			buildSettings = {
				ASSETCATALOG_COMPILER_APPICON_NAME = AppIcon;
				DEVELOPMENT_TEAM = X9MK4PBNUW;
				INFOPLIST_FILE = BeerListing/Info.plist;
				LD_RUNPATH_SEARCH_PATHS = "$(inherited) @executable_path/Frameworks";
				PRODUCT_BUNDLE_IDENTIFIER = marinofelipe.com.BeerListing;
				PRODUCT_NAME = "$(TARGET_NAME)";
				SWIFT_VERSION = 3.0;
			};
			name = Release;
		};
		D586402D1F2B78830091C9E0 /* Debug */ = {
			isa = XCBuildConfiguration;
			baseConfigurationReference = 9416705713064DCF563D06DE /* Pods-BeerListingTests.debug.xcconfig */;
			buildSettings = {
				ALWAYS_EMBED_SWIFT_STANDARD_LIBRARIES = YES;
				BUNDLE_LOADER = "$(TEST_HOST)";
				DEVELOPMENT_TEAM = XRA36B72E4;
				INFOPLIST_FILE = BeerListingTests/Info.plist;
				LD_RUNPATH_SEARCH_PATHS = "$(inherited) @executable_path/Frameworks @loader_path/Frameworks";
				PRODUCT_BUNDLE_IDENTIFIER = felipemarino.com.BeerListingTests;
				PRODUCT_NAME = "$(TARGET_NAME)";
				SWIFT_VERSION = 3.0;
				TEST_HOST = "$(BUILT_PRODUCTS_DIR)/BeerListing.app/BeerListing";
			};
			name = Debug;
		};
		D586402E1F2B78830091C9E0 /* Release */ = {
			isa = XCBuildConfiguration;
			baseConfigurationReference = 2DCD058F342D58F93EBB02BD /* Pods-BeerListingTests.release.xcconfig */;
			buildSettings = {
				ALWAYS_EMBED_SWIFT_STANDARD_LIBRARIES = YES;
				BUNDLE_LOADER = "$(TEST_HOST)";
				DEVELOPMENT_TEAM = XRA36B72E4;
				INFOPLIST_FILE = BeerListingTests/Info.plist;
				LD_RUNPATH_SEARCH_PATHS = "$(inherited) @executable_path/Frameworks @loader_path/Frameworks";
				PRODUCT_BUNDLE_IDENTIFIER = felipemarino.com.BeerListingTests;
				PRODUCT_NAME = "$(TARGET_NAME)";
				SWIFT_VERSION = 3.0;
				TEST_HOST = "$(BUILT_PRODUCTS_DIR)/BeerListing.app/BeerListing";
			};
			name = Release;
		};
		D58640301F2B78830091C9E0 /* Debug */ = {
			isa = XCBuildConfiguration;
			baseConfigurationReference = 2441AADD2B2F6BB8861209C9 /* Pods-BeerListingUITests.debug.xcconfig */;
			buildSettings = {
				ALWAYS_EMBED_SWIFT_STANDARD_LIBRARIES = YES;
				DEVELOPMENT_TEAM = XRA36B72E4;
				INFOPLIST_FILE = BeerListingUITests/Info.plist;
				LD_RUNPATH_SEARCH_PATHS = "$(inherited) @executable_path/Frameworks @loader_path/Frameworks";
				PRODUCT_BUNDLE_IDENTIFIER = felipemarino.com.BeerListingUITests;
				PRODUCT_NAME = "$(TARGET_NAME)";
				SWIFT_VERSION = 3.0;
				TEST_TARGET_NAME = BeerListing;
			};
			name = Debug;
		};
		D58640311F2B78830091C9E0 /* Release */ = {
			isa = XCBuildConfiguration;
			baseConfigurationReference = 65A4CE332CAAC29D0F5C6606 /* Pods-BeerListingUITests.release.xcconfig */;
			buildSettings = {
				ALWAYS_EMBED_SWIFT_STANDARD_LIBRARIES = YES;
				DEVELOPMENT_TEAM = XRA36B72E4;
				INFOPLIST_FILE = BeerListingUITests/Info.plist;
				LD_RUNPATH_SEARCH_PATHS = "$(inherited) @executable_path/Frameworks @loader_path/Frameworks";
				PRODUCT_BUNDLE_IDENTIFIER = felipemarino.com.BeerListingUITests;
				PRODUCT_NAME = "$(TARGET_NAME)";
				SWIFT_VERSION = 3.0;
				TEST_TARGET_NAME = BeerListing;
			};
			name = Release;
		};
/* End XCBuildConfiguration section */

/* Begin XCConfigurationList section */
		D5863FFC1F2B78830091C9E0 /* Build configuration list for PBXProject "BeerListing" */ = {
			isa = XCConfigurationList;
			buildConfigurations = (
				D58640271F2B78830091C9E0 /* Debug */,
				D58640281F2B78830091C9E0 /* Release */,
			);
			defaultConfigurationIsVisible = 0;
			defaultConfigurationName = Release;
		};
		D58640291F2B78830091C9E0 /* Build configuration list for PBXNativeTarget "BeerListing" */ = {
			isa = XCConfigurationList;
			buildConfigurations = (
				D586402A1F2B78830091C9E0 /* Debug */,
				D586402B1F2B78830091C9E0 /* Release */,
			);
			defaultConfigurationIsVisible = 0;
			defaultConfigurationName = Release;
		};
		D586402C1F2B78830091C9E0 /* Build configuration list for PBXNativeTarget "BeerListingTests" */ = {
			isa = XCConfigurationList;
			buildConfigurations = (
				D586402D1F2B78830091C9E0 /* Debug */,
				D586402E1F2B78830091C9E0 /* Release */,
			);
			defaultConfigurationIsVisible = 0;
			defaultConfigurationName = Release;
		};
		D586402F1F2B78830091C9E0 /* Build configuration list for PBXNativeTarget "BeerListingUITests" */ = {
			isa = XCConfigurationList;
			buildConfigurations = (
				D58640301F2B78830091C9E0 /* Debug */,
				D58640311F2B78830091C9E0 /* Release */,
			);
			defaultConfigurationIsVisible = 0;
			defaultConfigurationName = Release;
		};
/* End XCConfigurationList section */
	};
	rootObject = D5863FF91F2B78830091C9E0 /* Project object */;
}
