// !$*UTF8*$!
{
	archiveVersion = 1;
	classes = {
	};
	objectVersion = 50;
	objects = {

/* Begin PBXBuildFile section */
		EDD7A2B624E2091A00BAA418 /* BeerAppApp.swift in Sources */ = {isa = PBXBuildFile; fileRef = EDD7A2B524E2091A00BAA418 /* BeerAppApp.swift */; };
		EDD7A2B824E2091A00BAA418 /* ContentView.swift in Sources */ = {isa = PBXBuildFile; fileRef = EDD7A2B724E2091A00BAA418 /* ContentView.swift */; };
		EDD7A2BA24E2091C00BAA418 /* Assets.xcassets in Resources */ = {isa = PBXBuildFile; fileRef = EDD7A2B924E2091C00BAA418 /* Assets.xcassets */; };
		EDD7A2BD24E2091C00BAA418 /* Preview Assets.xcassets in Resources */ = {isa = PBXBuildFile; fileRef = EDD7A2BC24E2091C00BAA418 /* Preview Assets.xcassets */; };
		EDD7A2C824E2091E00BAA418 /* BeerAppTests.swift in Sources */ = {isa = PBXBuildFile; fileRef = EDD7A2C724E2091E00BAA418 /* BeerAppTests.swift */; };
		EDD7A2D324E2091E00BAA418 /* BeerAppUITests.swift in Sources */ = {isa = PBXBuildFile; fileRef = EDD7A2D224E2091E00BAA418 /* BeerAppUITests.swift */; };
/* End PBXBuildFile section */

/* Begin PBXContainerItemProxy section */
		EDD7A2C424E2091E00BAA418 /* PBXContainerItemProxy */ = {
			isa = PBXContainerItemProxy;
			containerPortal = EDD7A2AA24E2091A00BAA418 /* Project object */;
			proxyType = 1;
			remoteGlobalIDString = EDD7A2B124E2091A00BAA418;
			remoteInfo = BeerApp;
		};
		EDD7A2CF24E2091E00BAA418 /* PBXContainerItemProxy */ = {
			isa = PBXContainerItemProxy;
			containerPortal = EDD7A2AA24E2091A00BAA418 /* Project object */;
			proxyType = 1;
			remoteGlobalIDString = EDD7A2B124E2091A00BAA418;
			remoteInfo = BeerApp;
		};
/* End PBXContainerItemProxy section */

/* Begin PBXFileReference section */
		EDD7A2B224E2091A00BAA418 /* BeerApp.app */ = {isa = PBXFileReference; explicitFileType = wrapper.application; includeInIndex = 0; path = BeerApp.app; sourceTree = BUILT_PRODUCTS_DIR; };
		EDD7A2B524E2091A00BAA418 /* BeerAppApp.swift */ = {isa = PBXFileReference; lastKnownFileType = sourcecode.swift; path = BeerAppApp.swift; sourceTree = "<group>"; };
		EDD7A2B724E2091A00BAA418 /* ContentView.swift */ = {isa = PBXFileReference; lastKnownFileType = sourcecode.swift; path = ContentView.swift; sourceTree = "<group>"; };
		EDD7A2B924E2091C00BAA418 /* Assets.xcassets */ = {isa = PBXFileReference; lastKnownFileType = folder.assetcatalog; path = Assets.xcassets; sourceTree = "<group>"; };
		EDD7A2BC24E2091C00BAA418 /* Preview Assets.xcassets */ = {isa = PBXFileReference; lastKnownFileType = folder.assetcatalog; path = "Preview Assets.xcassets"; sourceTree = "<group>"; };
		EDD7A2BE24E2091C00BAA418 /* Info.plist */ = {isa = PBXFileReference; lastKnownFileType = text.plist.xml; path = Info.plist; sourceTree = "<group>"; };
		EDD7A2C324E2091E00BAA418 /* BeerAppTests.xctest */ = {isa = PBXFileReference; explicitFileType = wrapper.cfbundle; includeInIndex = 0; path = BeerAppTests.xctest; sourceTree = BUILT_PRODUCTS_DIR; };
		EDD7A2C724E2091E00BAA418 /* BeerAppTests.swift */ = {isa = PBXFileReference; lastKnownFileType = sourcecode.swift; path = BeerAppTests.swift; sourceTree = "<group>"; };
		EDD7A2C924E2091E00BAA418 /* Info.plist */ = {isa = PBXFileReference; lastKnownFileType = text.plist.xml; path = Info.plist; sourceTree = "<group>"; };
		EDD7A2CE24E2091E00BAA418 /* BeerAppUITests.xctest */ = {isa = PBXFileReference; explicitFileType = wrapper.cfbundle; includeInIndex = 0; path = BeerAppUITests.xctest; sourceTree = BUILT_PRODUCTS_DIR; };
		EDD7A2D224E2091E00BAA418 /* BeerAppUITests.swift */ = {isa = PBXFileReference; lastKnownFileType = sourcecode.swift; path = BeerAppUITests.swift; sourceTree = "<group>"; };
		EDD7A2D424E2091E00BAA418 /* Info.plist */ = {isa = PBXFileReference; lastKnownFileType = text.plist.xml; path = Info.plist; sourceTree = "<group>"; };
/* End PBXFileReference section */

/* Begin PBXFrameworksBuildPhase section */
		EDD7A2AF24E2091A00BAA418 /* Frameworks */ = {
			isa = PBXFrameworksBuildPhase;
			buildActionMask = 2147483647;
			files = (
			);
			runOnlyForDeploymentPostprocessing = 0;
		};
		EDD7A2C024E2091E00BAA418 /* Frameworks */ = {
			isa = PBXFrameworksBuildPhase;
			buildActionMask = 2147483647;
			files = (
			);
			runOnlyForDeploymentPostprocessing = 0;
		};
		EDD7A2CB24E2091E00BAA418 /* Frameworks */ = {
			isa = PBXFrameworksBuildPhase;
			buildActionMask = 2147483647;
			files = (
			);
			runOnlyForDeploymentPostprocessing = 0;
		};
/* End PBXFrameworksBuildPhase section */

/* Begin PBXGroup section */
		EDD7A2A924E2091A00BAA418 = {
			isa = PBXGroup;
			children = (
				EDD7A2B424E2091A00BAA418 /* BeerApp */,
				EDD7A2C624E2091E00BAA418 /* BeerAppTests */,
				EDD7A2D124E2091E00BAA418 /* BeerAppUITests */,
				EDD7A2B324E2091A00BAA418 /* Products */,
			);
			sourceTree = "<group>";
		};
		EDD7A2B324E2091A00BAA418 /* Products */ = {
			isa = PBXGroup;
			children = (
				EDD7A2B224E2091A00BAA418 /* BeerApp.app */,
				EDD7A2C324E2091E00BAA418 /* BeerAppTests.xctest */,
				EDD7A2CE24E2091E00BAA418 /* BeerAppUITests.xctest */,
			);
			name = Products;
			sourceTree = "<group>";
		};
		EDD7A2B424E2091A00BAA418 /* BeerApp */ = {
			isa = PBXGroup;
			children = (
				EDD7A2B524E2091A00BAA418 /* BeerAppApp.swift */,
				EDD7A2B724E2091A00BAA418 /* ContentView.swift */,
				EDD7A2B924E2091C00BAA418 /* Assets.xcassets */,
				EDD7A2BE24E2091C00BAA418 /* Info.plist */,
				EDD7A2BB24E2091C00BAA418 /* Preview Content */,
			);
			path = BeerApp;
			sourceTree = "<group>";
		};
		EDD7A2BB24E2091C00BAA418 /* Preview Content */ = {
			isa = PBXGroup;
			children = (
				EDD7A2BC24E2091C00BAA418 /* Preview Assets.xcassets */,
			);
			path = "Preview Content";
			sourceTree = "<group>";
		};
		EDD7A2C624E2091E00BAA418 /* BeerAppTests */ = {
			isa = PBXGroup;
			children = (
				EDD7A2C724E2091E00BAA418 /* BeerAppTests.swift */,
				EDD7A2C924E2091E00BAA418 /* Info.plist */,
			);
			path = BeerAppTests;
			sourceTree = "<group>";
		};
		EDD7A2D124E2091E00BAA418 /* BeerAppUITests */ = {
			isa = PBXGroup;
			children = (
				EDD7A2D224E2091E00BAA418 /* BeerAppUITests.swift */,
				EDD7A2D424E2091E00BAA418 /* Info.plist */,
			);
			path = BeerAppUITests;
			sourceTree = "<group>";
		};
/* End PBXGroup section */

/* Begin PBXNativeTarget section */
		EDD7A2B124E2091A00BAA418 /* BeerApp */ = {
			isa = PBXNativeTarget;
			buildConfigurationList = EDD7A2D724E2091E00BAA418 /* Build configuration list for PBXNativeTarget "BeerApp" */;
			buildPhases = (
				EDD7A2AE24E2091A00BAA418 /* Sources */,
				EDD7A2AF24E2091A00BAA418 /* Frameworks */,
				EDD7A2B024E2091A00BAA418 /* Resources */,
			);
			buildRules = (
			);
			dependencies = (
			);
			name = BeerApp;
			productName = BeerApp;
			productReference = EDD7A2B224E2091A00BAA418 /* BeerApp.app */;
			productType = "com.apple.product-type.application";
		};
		EDD7A2C224E2091E00BAA418 /* BeerAppTests */ = {
			isa = PBXNativeTarget;
			buildConfigurationList = EDD7A2DA24E2091E00BAA418 /* Build configuration list for PBXNativeTarget "BeerAppTests" */;
			buildPhases = (
				EDD7A2BF24E2091E00BAA418 /* Sources */,
				EDD7A2C024E2091E00BAA418 /* Frameworks */,
				EDD7A2C124E2091E00BAA418 /* Resources */,
			);
			buildRules = (
			);
			dependencies = (
				EDD7A2C524E2091E00BAA418 /* PBXTargetDependency */,
			);
			name = BeerAppTests;
			productName = BeerAppTests;
			productReference = EDD7A2C324E2091E00BAA418 /* BeerAppTests.xctest */;
			productType = "com.apple.product-type.bundle.unit-test";
		};
		EDD7A2CD24E2091E00BAA418 /* BeerAppUITests */ = {
			isa = PBXNativeTarget;
			buildConfigurationList = EDD7A2DD24E2091E00BAA418 /* Build configuration list for PBXNativeTarget "BeerAppUITests" */;
			buildPhases = (
				EDD7A2CA24E2091E00BAA418 /* Sources */,
				EDD7A2CB24E2091E00BAA418 /* Frameworks */,
				EDD7A2CC24E2091E00BAA418 /* Resources */,
			);
			buildRules = (
			);
			dependencies = (
				EDD7A2D024E2091E00BAA418 /* PBXTargetDependency */,
			);
			name = BeerAppUITests;
			productName = BeerAppUITests;
			productReference = EDD7A2CE24E2091E00BAA418 /* BeerAppUITests.xctest */;
			productType = "com.apple.product-type.bundle.ui-testing";
		};
/* End PBXNativeTarget section */

/* Begin PBXProject section */
		EDD7A2AA24E2091A00BAA418 /* Project object */ = {
			isa = PBXProject;
			attributes = {
				LastSwiftUpdateCheck = 1200;
				LastUpgradeCheck = 1200;
				TargetAttributes = {
					EDD7A2B124E2091A00BAA418 = {
						CreatedOnToolsVersion = 12.0;
					};
					EDD7A2C224E2091E00BAA418 = {
						CreatedOnToolsVersion = 12.0;
						TestTargetID = EDD7A2B124E2091A00BAA418;
					};
					EDD7A2CD24E2091E00BAA418 = {
						CreatedOnToolsVersion = 12.0;
						TestTargetID = EDD7A2B124E2091A00BAA418;
					};
				};
			};
			buildConfigurationList = EDD7A2AD24E2091A00BAA418 /* Build configuration list for PBXProject "BeerApp" */;
			compatibilityVersion = "Xcode 9.3";
			developmentRegion = en;
			hasScannedForEncodings = 0;
			knownRegions = (
				en,
				Base,
			);
			mainGroup = EDD7A2A924E2091A00BAA418;
			productRefGroup = EDD7A2B324E2091A00BAA418 /* Products */;
			projectDirPath = "";
			projectRoot = "";
			targets = (
				EDD7A2B124E2091A00BAA418 /* BeerApp */,
				EDD7A2C224E2091E00BAA418 /* BeerAppTests */,
				EDD7A2CD24E2091E00BAA418 /* BeerAppUITests */,
			);
		};
/* End PBXProject section */

/* Begin PBXResourcesBuildPhase section */
		EDD7A2B024E2091A00BAA418 /* Resources */ = {
			isa = PBXResourcesBuildPhase;
			buildActionMask = 2147483647;
			files = (
				EDD7A2BD24E2091C00BAA418 /* Preview Assets.xcassets in Resources */,
				EDD7A2BA24E2091C00BAA418 /* Assets.xcassets in Resources */,
			);
			runOnlyForDeploymentPostprocessing = 0;
		};
		EDD7A2C124E2091E00BAA418 /* Resources */ = {
			isa = PBXResourcesBuildPhase;
			buildActionMask = 2147483647;
			files = (
			);
			runOnlyForDeploymentPostprocessing = 0;
		};
		EDD7A2CC24E2091E00BAA418 /* Resources */ = {
			isa = PBXResourcesBuildPhase;
			buildActionMask = 2147483647;
			files = (
			);
			runOnlyForDeploymentPostprocessing = 0;
		};
/* End PBXResourcesBuildPhase section */

/* Begin PBXSourcesBuildPhase section */
		EDD7A2AE24E2091A00BAA418 /* Sources */ = {
			isa = PBXSourcesBuildPhase;
			buildActionMask = 2147483647;
			files = (
				EDD7A2B824E2091A00BAA418 /* ContentView.swift in Sources */,
				EDD7A2B624E2091A00BAA418 /* BeerAppApp.swift in Sources */,
			);
			runOnlyForDeploymentPostprocessing = 0;
		};
		EDD7A2BF24E2091E00BAA418 /* Sources */ = {
			isa = PBXSourcesBuildPhase;
			buildActionMask = 2147483647;
			files = (
				EDD7A2C824E2091E00BAA418 /* BeerAppTests.swift in Sources */,
			);
			runOnlyForDeploymentPostprocessing = 0;
		};
		EDD7A2CA24E2091E00BAA418 /* Sources */ = {
			isa = PBXSourcesBuildPhase;
			buildActionMask = 2147483647;
			files = (
				EDD7A2D324E2091E00BAA418 /* BeerAppUITests.swift in Sources */,
			);
			runOnlyForDeploymentPostprocessing = 0;
		};
/* End PBXSourcesBuildPhase section */

/* Begin PBXTargetDependency section */
		EDD7A2C524E2091E00BAA418 /* PBXTargetDependency */ = {
			isa = PBXTargetDependency;
			target = EDD7A2B124E2091A00BAA418 /* BeerApp */;
			targetProxy = EDD7A2C424E2091E00BAA418 /* PBXContainerItemProxy */;
		};
		EDD7A2D024E2091E00BAA418 /* PBXTargetDependency */ = {
			isa = PBXTargetDependency;
			target = EDD7A2B124E2091A00BAA418 /* BeerApp */;
			targetProxy = EDD7A2CF24E2091E00BAA418 /* PBXContainerItemProxy */;
		};
/* End PBXTargetDependency section */

/* Begin XCBuildConfiguration section */
		EDD7A2D524E2091E00BAA418 /* Debug */ = {
			isa = XCBuildConfiguration;
			buildSettings = {
				ALWAYS_SEARCH_USER_PATHS = NO;
				CLANG_ANALYZER_NONNULL = YES;
				CLANG_ANALYZER_NUMBER_OBJECT_CONVERSION = YES_AGGRESSIVE;
				CLANG_CXX_LANGUAGE_STANDARD = "gnu++14";
				CLANG_CXX_LIBRARY = "libc++";
				CLANG_ENABLE_MODULES = YES;
				CLANG_ENABLE_OBJC_ARC = YES;
				CLANG_ENABLE_OBJC_WEAK = YES;
				CLANG_WARN_BLOCK_CAPTURE_AUTORELEASING = YES;
				CLANG_WARN_BOOL_CONVERSION = YES;
				CLANG_WARN_COMMA = YES;
				CLANG_WARN_CONSTANT_CONVERSION = YES;
				CLANG_WARN_DEPRECATED_OBJC_IMPLEMENTATIONS = YES;
				CLANG_WARN_DIRECT_OBJC_ISA_USAGE = YES_ERROR;
				CLANG_WARN_DOCUMENTATION_COMMENTS = YES;
				CLANG_WARN_EMPTY_BODY = YES;
				CLANG_WARN_ENUM_CONVERSION = YES;
				CLANG_WARN_INFINITE_RECURSION = YES;
				CLANG_WARN_INT_CONVERSION = YES;
				CLANG_WARN_NON_LITERAL_NULL_CONVERSION = YES;
				CLANG_WARN_OBJC_IMPLICIT_RETAIN_SELF = YES;
				CLANG_WARN_OBJC_LITERAL_CONVERSION = YES;
				CLANG_WARN_OBJC_ROOT_CLASS = YES_ERROR;
				CLANG_WARN_QUOTED_INCLUDE_IN_FRAMEWORK_HEADER = YES;
				CLANG_WARN_RANGE_LOOP_ANALYSIS = YES;
				CLANG_WARN_STRICT_PROTOTYPES = YES;
				CLANG_WARN_SUSPICIOUS_MOVE = YES;
				CLANG_WARN_UNGUARDED_AVAILABILITY = YES_AGGRESSIVE;
				CLANG_WARN_UNREACHABLE_CODE = YES;
				CLANG_WARN__DUPLICATE_METHOD_MATCH = YES;
				COPY_PHASE_STRIP = NO;
				DEBUG_INFORMATION_FORMAT = dwarf;
				ENABLE_STRICT_OBJC_MSGSEND = YES;
				ENABLE_TESTABILITY = YES;
				GCC_C_LANGUAGE_STANDARD = gnu11;
				GCC_DYNAMIC_NO_PIC = NO;
				GCC_NO_COMMON_BLOCKS = YES;
				GCC_OPTIMIZATION_LEVEL = 0;
				GCC_PREPROCESSOR_DEFINITIONS = (
					"DEBUG=1",
					"$(inherited)",
				);
				GCC_WARN_64_TO_32_BIT_CONVERSION = YES;
				GCC_WARN_ABOUT_RETURN_TYPE = YES_ERROR;
				GCC_WARN_UNDECLARED_SELECTOR = YES;
				GCC_WARN_UNINITIALIZED_AUTOS = YES_AGGRESSIVE;
				GCC_WARN_UNUSED_FUNCTION = YES;
				GCC_WARN_UNUSED_VARIABLE = YES;
				IPHONEOS_DEPLOYMENT_TARGET = 14.0;
				MTL_ENABLE_DEBUG_INFO = INCLUDE_SOURCE;
				MTL_FAST_MATH = YES;
				ONLY_ACTIVE_ARCH = YES;
				SDKROOT = iphoneos;
				SWIFT_ACTIVE_COMPILATION_CONDITIONS = DEBUG;
				SWIFT_OPTIMIZATION_LEVEL = "-Onone";
			};
			name = Debug;
		};
		EDD7A2D624E2091E00BAA418 /* Release */ = {
			isa = XCBuildConfiguration;
			buildSettings = {
				ALWAYS_SEARCH_USER_PATHS = NO;
				CLANG_ANALYZER_NONNULL = YES;
				CLANG_ANALYZER_NUMBER_OBJECT_CONVERSION = YES_AGGRESSIVE;
				CLANG_CXX_LANGUAGE_STANDARD = "gnu++14";
				CLANG_CXX_LIBRARY = "libc++";
				CLANG_ENABLE_MODULES = YES;
				CLANG_ENABLE_OBJC_ARC = YES;
				CLANG_ENABLE_OBJC_WEAK = YES;
				CLANG_WARN_BLOCK_CAPTURE_AUTORELEASING = YES;
				CLANG_WARN_BOOL_CONVERSION = YES;
				CLANG_WARN_COMMA = YES;
				CLANG_WARN_CONSTANT_CONVERSION = YES;
				CLANG_WARN_DEPRECATED_OBJC_IMPLEMENTATIONS = YES;
				CLANG_WARN_DIRECT_OBJC_ISA_USAGE = YES_ERROR;
				CLANG_WARN_DOCUMENTATION_COMMENTS = YES;
				CLANG_WARN_EMPTY_BODY = YES;
				CLANG_WARN_ENUM_CONVERSION = YES;
				CLANG_WARN_INFINITE_RECURSION = YES;
				CLANG_WARN_INT_CONVERSION = YES;
				CLANG_WARN_NON_LITERAL_NULL_CONVERSION = YES;
				CLANG_WARN_OBJC_IMPLICIT_RETAIN_SELF = YES;
				CLANG_WARN_OBJC_LITERAL_CONVERSION = YES;
				CLANG_WARN_OBJC_ROOT_CLASS = YES_ERROR;
				CLANG_WARN_QUOTED_INCLUDE_IN_FRAMEWORK_HEADER = YES;
				CLANG_WARN_RANGE_LOOP_ANALYSIS = YES;
				CLANG_WARN_STRICT_PROTOTYPES = YES;
				CLANG_WARN_SUSPICIOUS_MOVE = YES;
				CLANG_WARN_UNGUARDED_AVAILABILITY = YES_AGGRESSIVE;
				CLANG_WARN_UNREACHABLE_CODE = YES;
				CLANG_WARN__DUPLICATE_METHOD_MATCH = YES;
				COPY_PHASE_STRIP = NO;
				DEBUG_INFORMATION_FORMAT = "dwarf-with-dsym";
				ENABLE_NS_ASSERTIONS = NO;
				ENABLE_STRICT_OBJC_MSGSEND = YES;
				GCC_C_LANGUAGE_STANDARD = gnu11;
				GCC_NO_COMMON_BLOCKS = YES;
				GCC_WARN_64_TO_32_BIT_CONVERSION = YES;
				GCC_WARN_ABOUT_RETURN_TYPE = YES_ERROR;
				GCC_WARN_UNDECLARED_SELECTOR = YES;
				GCC_WARN_UNINITIALIZED_AUTOS = YES_AGGRESSIVE;
				GCC_WARN_UNUSED_FUNCTION = YES;
				GCC_WARN_UNUSED_VARIABLE = YES;
				IPHONEOS_DEPLOYMENT_TARGET = 14.0;
				MTL_ENABLE_DEBUG_INFO = NO;
				MTL_FAST_MATH = YES;
				SDKROOT = iphoneos;
				SWIFT_COMPILATION_MODE = wholemodule;
				SWIFT_OPTIMIZATION_LEVEL = "-O";
				VALIDATE_PRODUCT = YES;
			};
			name = Release;
		};
		EDD7A2D824E2091E00BAA418 /* Debug */ = {
			isa = XCBuildConfiguration;
			buildSettings = {
				ASSETCATALOG_COMPILER_APPICON_NAME = AppIcon;
				ASSETCATALOG_COMPILER_GLOBAL_ACCENT_COLOR_NAME = AccentColor;
				CODE_SIGN_STYLE = Automatic;
				DEVELOPMENT_ASSET_PATHS = "\"BeerApp/Preview Content\"";
				DEVELOPMENT_TEAM = X9MK4PBNUW;
				ENABLE_PREVIEWS = YES;
				INFOPLIST_FILE = BeerApp/Info.plist;
				IPHONEOS_DEPLOYMENT_TARGET = 14.0;
				LD_RUNPATH_SEARCH_PATHS = (
					"$(inherited)",
					"@executable_path/Frameworks",
				);
				PRODUCT_BUNDLE_IDENTIFIER = marinofelipe.com.BeerApp;
				PRODUCT_NAME = "$(TARGET_NAME)";
				SWIFT_VERSION = 5.0;
				TARGETED_DEVICE_FAMILY = "1,2";
			};
			name = Debug;
		};
		EDD7A2D924E2091E00BAA418 /* Release */ = {
			isa = XCBuildConfiguration;
			buildSettings = {
				ASSETCATALOG_COMPILER_APPICON_NAME = AppIcon;
				ASSETCATALOG_COMPILER_GLOBAL_ACCENT_COLOR_NAME = AccentColor;
				CODE_SIGN_STYLE = Automatic;
				DEVELOPMENT_ASSET_PATHS = "\"BeerApp/Preview Content\"";
				DEVELOPMENT_TEAM = X9MK4PBNUW;
				ENABLE_PREVIEWS = YES;
				INFOPLIST_FILE = BeerApp/Info.plist;
				IPHONEOS_DEPLOYMENT_TARGET = 14.0;
				LD_RUNPATH_SEARCH_PATHS = (
					"$(inherited)",
					"@executable_path/Frameworks",
				);
				PRODUCT_BUNDLE_IDENTIFIER = marinofelipe.com.BeerApp;
				PRODUCT_NAME = "$(TARGET_NAME)";
				SWIFT_VERSION = 5.0;
				TARGETED_DEVICE_FAMILY = "1,2";
			};
			name = Release;
		};
		EDD7A2DB24E2091E00BAA418 /* Debug */ = {
			isa = XCBuildConfiguration;
			buildSettings = {
				ALWAYS_EMBED_SWIFT_STANDARD_LIBRARIES = YES;
				BUNDLE_LOADER = "$(TEST_HOST)";
				CODE_SIGN_STYLE = Automatic;
				DEVELOPMENT_TEAM = X9MK4PBNUW;
				INFOPLIST_FILE = BeerAppTests/Info.plist;
				IPHONEOS_DEPLOYMENT_TARGET = 14.0;
				LD_RUNPATH_SEARCH_PATHS = (
					"$(inherited)",
					"@executable_path/Frameworks",
					"@loader_path/Frameworks",
				);
				PRODUCT_BUNDLE_IDENTIFIER = marinofelipe.com.BeerAppTests;
				PRODUCT_NAME = "$(TARGET_NAME)";
				SWIFT_VERSION = 5.0;
				TARGETED_DEVICE_FAMILY = "1,2";
				TEST_HOST = "$(BUILT_PRODUCTS_DIR)/BeerApp.app/BeerApp";
			};
			name = Debug;
		};
		EDD7A2DC24E2091E00BAA418 /* Release */ = {
			isa = XCBuildConfiguration;
			buildSettings = {
				ALWAYS_EMBED_SWIFT_STANDARD_LIBRARIES = YES;
				BUNDLE_LOADER = "$(TEST_HOST)";
				CODE_SIGN_STYLE = Automatic;
				DEVELOPMENT_TEAM = X9MK4PBNUW;
				INFOPLIST_FILE = BeerAppTests/Info.plist;
				IPHONEOS_DEPLOYMENT_TARGET = 14.0;
				LD_RUNPATH_SEARCH_PATHS = (
					"$(inherited)",
					"@executable_path/Frameworks",
					"@loader_path/Frameworks",
				);
				PRODUCT_BUNDLE_IDENTIFIER = marinofelipe.com.BeerAppTests;
				PRODUCT_NAME = "$(TARGET_NAME)";
				SWIFT_VERSION = 5.0;
				TARGETED_DEVICE_FAMILY = "1,2";
				TEST_HOST = "$(BUILT_PRODUCTS_DIR)/BeerApp.app/BeerApp";
			};
			name = Release;
		};
		EDD7A2DE24E2091E00BAA418 /* Debug */ = {
			isa = XCBuildConfiguration;
			buildSettings = {
				ALWAYS_EMBED_SWIFT_STANDARD_LIBRARIES = YES;
				CODE_SIGN_STYLE = Automatic;
				DEVELOPMENT_TEAM = X9MK4PBNUW;
				INFOPLIST_FILE = BeerAppUITests/Info.plist;
				LD_RUNPATH_SEARCH_PATHS = (
					"$(inherited)",
					"@executable_path/Frameworks",
					"@loader_path/Frameworks",
				);
				PRODUCT_BUNDLE_IDENTIFIER = marinofelipe.com.BeerAppUITests;
				PRODUCT_NAME = "$(TARGET_NAME)";
				SWIFT_VERSION = 5.0;
				TARGETED_DEVICE_FAMILY = "1,2";
				TEST_TARGET_NAME = BeerApp;
			};
			name = Debug;
		};
		EDD7A2DF24E2091E00BAA418 /* Release */ = {
			isa = XCBuildConfiguration;
			buildSettings = {
				ALWAYS_EMBED_SWIFT_STANDARD_LIBRARIES = YES;
				CODE_SIGN_STYLE = Automatic;
				DEVELOPMENT_TEAM = X9MK4PBNUW;
				INFOPLIST_FILE = BeerAppUITests/Info.plist;
				LD_RUNPATH_SEARCH_PATHS = (
					"$(inherited)",
					"@executable_path/Frameworks",
					"@loader_path/Frameworks",
				);
				PRODUCT_BUNDLE_IDENTIFIER = marinofelipe.com.BeerAppUITests;
				PRODUCT_NAME = "$(TARGET_NAME)";
				SWIFT_VERSION = 5.0;
				TARGETED_DEVICE_FAMILY = "1,2";
				TEST_TARGET_NAME = BeerApp;
			};
			name = Release;
		};
/* End XCBuildConfiguration section */

/* Begin XCConfigurationList section */
		EDD7A2AD24E2091A00BAA418 /* Build configuration list for PBXProject "BeerApp" */ = {
			isa = XCConfigurationList;
			buildConfigurations = (
				EDD7A2D524E2091E00BAA418 /* Debug */,
				EDD7A2D624E2091E00BAA418 /* Release */,
			);
			defaultConfigurationIsVisible = 0;
			defaultConfigurationName = Release;
		};
		EDD7A2D724E2091E00BAA418 /* Build configuration list for PBXNativeTarget "BeerApp" */ = {
			isa = XCConfigurationList;
			buildConfigurations = (
				EDD7A2D824E2091E00BAA418 /* Debug */,
				EDD7A2D924E2091E00BAA418 /* Release */,
			);
			defaultConfigurationIsVisible = 0;
			defaultConfigurationName = Release;
		};
		EDD7A2DA24E2091E00BAA418 /* Build configuration list for PBXNativeTarget "BeerAppTests" */ = {
			isa = XCConfigurationList;
			buildConfigurations = (
				EDD7A2DB24E2091E00BAA418 /* Debug */,
				EDD7A2DC24E2091E00BAA418 /* Release */,
			);
			defaultConfigurationIsVisible = 0;
			defaultConfigurationName = Release;
		};
		EDD7A2DD24E2091E00BAA418 /* Build configuration list for PBXNativeTarget "BeerAppUITests" */ = {
			isa = XCConfigurationList;
			buildConfigurations = (
				EDD7A2DE24E2091E00BAA418 /* Debug */,
				EDD7A2DF24E2091E00BAA418 /* Release */,
			);
			defaultConfigurationIsVisible = 0;
			defaultConfigurationName = Release;
		};
/* End XCConfigurationList section */
	};
	rootObject = EDD7A2AA24E2091A00BAA418 /* Project object */;
}
